{
  "version": 4,
  "terraform_version": "1.8.4",
  "serial": 33,
  "lineage": "0635c597-4d3a-20fd-3963-92f686e08abe",
  "outputs": {},
  "resources": [
    {
      "mode": "managed",
      "type": "local_file",
      "name": "my_pet",
      "provider": "provider[\"registry.terraform.io/hashicorp/local\"]",
      "instances": [
        {
          "schema_version": 0,
          "attributes": {
            "content": "clf",
            "content_base64": null,
            "content_base64sha256": "awC8Im/8BO1/Qog27g/h3AwuIy/pKlBkBSNdl0uLVXA=",
            "content_base64sha512": "0GiC0/lOrN9vPZOUx3DL4a/CkG70LgXS6C5yiXXHkCSS7Rj6GkAojEBIr8dLWF0Mu8BTC0yAarUEUKxVs0Ir5g==",
            "content_md5": "783929fd2845763100ffc9438a62dbdd",
            "content_sha1": "d22cd1955acaf881e4d7f2ac40633cddc717531b",
            "content_sha256": "6b00bc226ffc04ed7f428836ee0fe1dc0c2e232fe92a506405235d974b8b5570",
            "content_sha512": "d06882d3f94eacdf6f3d9394c770cbe1afc2906ef42e05d2e82e728975c7902492ed18fa1a40288c4048afc74b585d0cbbc0530b4c806ab50450ac55b3422be6",
            "directory_permission": "0777",
            "file_permission": "0777",
            "filename": "clf.txt",
            "id": "d22cd1955acaf881e4d7f2ac40633cddc717531b",
            "sensitive_content": null,
            "source": null
          },
          "sensitive_attributes": [
            [
              {
                "type": "get_attr",
                "value": "sensitive_content"
              }
            ]
          ]
        }
      ]
    },
    {
      "mode": "managed",
      "type": "random_pet",
      "name": "petname",
      "provider": "provider[\"registry.terraform.io/hashicorp/random\"]",
      "instances": [
        {
          "schema_version": 0,
          "attributes": {
            "id": "miss.jaybird",
            "keepers": null,
            "length": 1,
            "prefix": "miss",
            "separator": "."
          },
          "sensitive_attributes": []
        }
      ]
    }
  ],
  "check_results": null
}
